// !$*UTF8*$!
{
	archiveVersion = 1;
	classes = {
	};
	objectVersion = 46;
	objects = {

/* Begin PBXBuildFile section */
		6808EF3C1D25EE6F00B446C7 /* CDPMainMenuItem.m in Sources */ = {isa = PBXBuildFile; fileRef = 6808EF391D25EE6F00B446C7 /* CDPMainMenuItem.m */; };
		6808EF3D1D25EE6F00B446C7 /* CDPUserInfoManager.m in Sources */ = {isa = PBXBuildFile; fileRef = 6808EF3B1D25EE6F00B446C7 /* CDPUserInfoManager.m */; };
		6808EF401D25EED500B446C7 /* CDPViewAnimation.m in Sources */ = {isa = PBXBuildFile; fileRef = 6808EF3F1D25EED500B446C7 /* CDPViewAnimation.m */; };
		6808EF431D25EEF600B446C7 /* NSNumber+Append.m in Sources */ = {isa = PBXBuildFile; fileRef = 6808EF421D25EEF600B446C7 /* NSNumber+Append.m */; };
		6808EF461D25F18000B446C7 /* CDPSparkView.m in Sources */ = {isa = PBXBuildFile; fileRef = 6808EF451D25F18000B446C7 /* CDPSparkView.m */; };
		689AE2771D267CB800100658 /* CVDisplayLinkMgr.m in Sources */ = {isa = PBXBuildFile; fileRef = 689AE2761D267CB800100658 /* CVDisplayLinkMgr.m */; };
		DD2150DD1C0C01A30029A779 /* AppKit.framework in Frameworks */ = {isa = PBXBuildFile; fileRef = DD2150DC1C0C01A30029A779 /* AppKit.framework */; };
		DD2150DF1C0C01A30029A779 /* Foundation.framework in Frameworks */ = {isa = PBXBuildFile; fileRef = DD2150DE1C0C01A30029A779 /* Foundation.framework */; };
		DD2150E31C0C01A30029A779 /* CoderPower.xcscheme in Resources */ = {isa = PBXBuildFile; fileRef = DD2150E21C0C01A30029A779 /* CoderPower.xcscheme */; };
		DD2150E61C0C01A30029A779 /* CoderPower.m in Sources */ = {isa = PBXBuildFile; fileRef = DD2150E51C0C01A30029A779 /* CoderPower.m */; };
		DD2150E91C0C01A30029A779 /* NSObject_Extension.m in Sources */ = {isa = PBXBuildFile; fileRef = DD2150E81C0C01A30029A779 /* NSObject_Extension.m */; };
/* End PBXBuildFile section */

/* Begin PBXFileReference section */
		6808EF381D25EE6F00B446C7 /* CDPMainMenuItem.h */ = {isa = PBXFileReference; fileEncoding = 4; lastKnownFileType = sourcecode.c.h; path = CDPMainMenuItem.h; sourceTree = "<group>"; };
		6808EF391D25EE6F00B446C7 /* CDPMainMenuItem.m */ = {isa = PBXFileReference; fileEncoding = 4; lastKnownFileType = sourcecode.c.objc; lineEnding = 0; path = CDPMainMenuItem.m; sourceTree = "<group>"; xcLanguageSpecificationIdentifier = xcode.lang.objc; };
		6808EF3A1D25EE6F00B446C7 /* CDPUserInfoManager.h */ = {isa = PBXFileReference; fileEncoding = 4; lastKnownFileType = sourcecode.c.h; lineEnding = 0; path = CDPUserInfoManager.h; sourceTree = "<group>"; xcLanguageSpecificationIdentifier = xcode.lang.objcpp; };
		6808EF3B1D25EE6F00B446C7 /* CDPUserInfoManager.m */ = {isa = PBXFileReference; fileEncoding = 4; lastKnownFileType = sourcecode.c.objc; lineEnding = 0; path = CDPUserInfoManager.m; sourceTree = "<group>"; xcLanguageSpecificationIdentifier = xcode.lang.objc; };
		6808EF3E1D25EED500B446C7 /* CDPViewAnimation.h */ = {isa = PBXFileReference; fileEncoding = 4; lastKnownFileType = sourcecode.c.h; path = CDPViewAnimation.h; sourceTree = "<group>"; };
		6808EF3F1D25EED500B446C7 /* CDPViewAnimation.m */ = {isa = PBXFileReference; fileEncoding = 4; lastKnownFileType = sourcecode.c.objc; path = CDPViewAnimation.m; sourceTree = "<group>"; };
		6808EF411D25EEF600B446C7 /* NSNumber+Append.h */ = {isa = PBXFileReference; fileEncoding = 4; lastKnownFileType = sourcecode.c.h; path = "NSNumber+Append.h"; sourceTree = "<group>"; };
		6808EF421D25EEF600B446C7 /* NSNumber+Append.m */ = {isa = PBXFileReference; fileEncoding = 4; lastKnownFileType = sourcecode.c.objc; path = "NSNumber+Append.m"; sourceTree = "<group>"; };
		6808EF441D25F18000B446C7 /* CDPSparkView.h */ = {isa = PBXFileReference; fileEncoding = 4; lastKnownFileType = sourcecode.c.h; lineEnding = 0; path = CDPSparkView.h; sourceTree = "<group>"; xcLanguageSpecificationIdentifier = xcode.lang.objcpp; };
		6808EF451D25F18000B446C7 /* CDPSparkView.m */ = {isa = PBXFileReference; fileEncoding = 4; lastKnownFileType = sourcecode.c.objc; lineEnding = 0; path = CDPSparkView.m; sourceTree = "<group>"; xcLanguageSpecificationIdentifier = xcode.lang.objc; };
		684EC8FB1D41FB7F00A1A70F /* DVTTextStorage.h */ = {isa = PBXFileReference; fileEncoding = 4; lastKnownFileType = sourcecode.c.h; path = DVTTextStorage.h; sourceTree = "<group>"; };
		689AE2751D267CB800100658 /* CVDisplayLinkMgr.h */ = {isa = PBXFileReference; fileEncoding = 4; lastKnownFileType = sourcecode.c.h; path = CVDisplayLinkMgr.h; sourceTree = "<group>"; };
		689AE2761D267CB800100658 /* CVDisplayLinkMgr.m */ = {isa = PBXFileReference; fileEncoding = 4; lastKnownFileType = sourcecode.c.objc; path = CVDisplayLinkMgr.m; sourceTree = "<group>"; };
		689AE2781D26825200100658 /* CDPBubleAnimateDelegate.h */ = {isa = PBXFileReference; lastKnownFileType = sourcecode.c.h; path = CDPBubleAnimateDelegate.h; sourceTree = "<group>"; };
		DD2150D91C0C01A30029A779 /* CoderPower.xcplugin */ = {isa = PBXFileReference; explicitFileType = wrapper.cfbundle; includeInIndex = 0; path = CoderPower.xcplugin; sourceTree = BUILT_PRODUCTS_DIR; };
		DD2150DC1C0C01A30029A779 /* AppKit.framework */ = {isa = PBXFileReference; lastKnownFileType = wrapper.framework; name = AppKit.framework; path = /System/Library/Frameworks/AppKit.framework; sourceTree = "<absolute>"; };
		DD2150DE1C0C01A30029A779 /* Foundation.framework */ = {isa = PBXFileReference; lastKnownFileType = wrapper.framework; name = Foundation.framework; path = /System/Library/Frameworks/Foundation.framework; sourceTree = "<absolute>"; };
		DD2150E21C0C01A30029A779 /* CoderPower.xcscheme */ = {isa = PBXFileReference; lastKnownFileType = text.xml; name = CoderPower.xcscheme; path = CoderPower.xcodeproj/xcshareddata/xcschemes/CoderPower.xcscheme; sourceTree = SOURCE_ROOT; };
		DD2150E41C0C01A30029A779 /* CoderPower.h */ = {isa = PBXFileReference; lastKnownFileType = sourcecode.c.h; path = CoderPower.h; sourceTree = "<group>"; };
		DD2150E51C0C01A30029A779 /* CoderPower.m */ = {isa = PBXFileReference; lastKnownFileType = sourcecode.c.objc; lineEnding = 0; path = CoderPower.m; sourceTree = "<group>"; xcLanguageSpecificationIdentifier = xcode.lang.objc; };
		DD2150E71C0C01A30029A779 /* NSObject_Extension.h */ = {isa = PBXFileReference; lastKnownFileType = sourcecode.c.h; path = NSObject_Extension.h; sourceTree = "<group>"; };
		DD2150E81C0C01A30029A779 /* NSObject_Extension.m */ = {isa = PBXFileReference; lastKnownFileType = sourcecode.c.objc; path = NSObject_Extension.m; sourceTree = "<group>"; };
		DD2150EA1C0C01A30029A779 /* Info.plist */ = {isa = PBXFileReference; lastKnownFileType = text.plist.xml; path = Info.plist; sourceTree = "<group>"; };
		DD2151041C0C32810029A779 /* Defination.h */ = {isa = PBXFileReference; lastKnownFileType = sourcecode.c.h; path = Defination.h; sourceTree = "<group>"; };
/* End PBXFileReference section */

/* Begin PBXFrameworksBuildPhase section */
		DD2150D71C0C01A30029A779 /* Frameworks */ = {
			isa = PBXFrameworksBuildPhase;
			buildActionMask = 2147483647;
			files = (
				DD2150DD1C0C01A30029A779 /* AppKit.framework in Frameworks */,
				DD2150DF1C0C01A30029A779 /* Foundation.framework in Frameworks */,
			);
			runOnlyForDeploymentPostprocessing = 0;
		};
/* End PBXFrameworksBuildPhase section */

/* Begin PBXGroup section */
		DD2150D01C0C01A30029A779 = {
			isa = PBXGroup;
			children = (
				DD2150E01C0C01A30029A779 /* CoderPower */,
				DD2150DB1C0C01A30029A779 /* Frameworks */,
				DD2150DA1C0C01A30029A779 /* Products */,
			);
			sourceTree = "<group>";
		};
		DD2150DA1C0C01A30029A779 /* Products */ = {
			isa = PBXGroup;
			children = (
				DD2150D91C0C01A30029A779 /* CoderPower.xcplugin */,
			);
			name = Products;
			sourceTree = "<group>";
		};
		DD2150DB1C0C01A30029A779 /* Frameworks */ = {
			isa = PBXGroup;
			children = (
				DD2150DC1C0C01A30029A779 /* AppKit.framework */,
				DD2150DE1C0C01A30029A779 /* Foundation.framework */,
			);
			name = Frameworks;
			sourceTree = "<group>";
		};
		DD2150E01C0C01A30029A779 /* CoderPower */ = {
			isa = PBXGroup;
			children = (
				684EC8FB1D41FB7F00A1A70F /* DVTTextStorage.h */,
				6808EF411D25EEF600B446C7 /* NSNumber+Append.h */,
				6808EF421D25EEF600B446C7 /* NSNumber+Append.m */,
				6808EF3E1D25EED500B446C7 /* CDPViewAnimation.h */,
				6808EF3F1D25EED500B446C7 /* CDPViewAnimation.m */,
				6808EF381D25EE6F00B446C7 /* CDPMainMenuItem.h */,
				6808EF391D25EE6F00B446C7 /* CDPMainMenuItem.m */,
				6808EF3A1D25EE6F00B446C7 /* CDPUserInfoManager.h */,
				6808EF3B1D25EE6F00B446C7 /* CDPUserInfoManager.m */,
				DD2150E41C0C01A30029A779 /* CoderPower.h */,
				DD2150E51C0C01A30029A779 /* CoderPower.m */,
				689AE2751D267CB800100658 /* CVDisplayLinkMgr.h */,
				689AE2761D267CB800100658 /* CVDisplayLinkMgr.m */,
				6808EF441D25F18000B446C7 /* CDPSparkView.h */,
				6808EF451D25F18000B446C7 /* CDPSparkView.m */,
				689AE2781D26825200100658 /* CDPBubleAnimateDelegate.h */,
				DD2151041C0C32810029A779 /* Defination.h */,
				DD2150EA1C0C01A30029A779 /* Info.plist */,
				DD2150E71C0C01A30029A779 /* NSObject_Extension.h */,
				DD2150E81C0C01A30029A779 /* NSObject_Extension.m */,
				DD2150E11C0C01A30029A779 /* Supporting Files */,
			);
			path = CoderPower;
			sourceTree = "<group>";
		};
		DD2150E11C0C01A30029A779 /* Supporting Files */ = {
			isa = PBXGroup;
			children = (
				DD2150E21C0C01A30029A779 /* CoderPower.xcscheme */,
			);
			name = "Supporting Files";
			sourceTree = "<group>";
		};
/* End PBXGroup section */

/* Begin PBXNativeTarget section */
		DD2150D81C0C01A30029A779 /* CoderPower */ = {
			isa = PBXNativeTarget;
			buildConfigurationList = DD2150ED1C0C01A30029A779 /* Build configuration list for PBXNativeTarget "CoderPower" */;
			buildPhases = (
				DD2150D51C0C01A30029A779 /* Sources */,
				DD2150D61C0C01A30029A779 /* Resources */,
				DD2150D71C0C01A30029A779 /* Frameworks */,
			);
			buildRules = (
			);
			dependencies = (
			);
			name = CoderPower;
			productName = CoderPower;
			productReference = DD2150D91C0C01A30029A779 /* CoderPower.xcplugin */;
			productType = "com.apple.product-type.bundle";
		};
/* End PBXNativeTarget section */

/* Begin PBXProject section */
		DD2150D11C0C01A30029A779 /* Project object */ = {
			isa = PBXProject;
			attributes = {
				LastUpgradeCheck = 0700;
				ORGANIZATIONNAME = Dawn;
				TargetAttributes = {
					DD2150D81C0C01A30029A779 = {
						CreatedOnToolsVersion = 7.0.1;
					};
				};
			};
			buildConfigurationList = DD2150D41C0C01A30029A779 /* Build configuration list for PBXProject "CoderPower" */;
			compatibilityVersion = "Xcode 3.2";
			developmentRegion = English;
			hasScannedForEncodings = 0;
			knownRegions = (
				en,
			);
			mainGroup = DD2150D01C0C01A30029A779;
			productRefGroup = DD2150DA1C0C01A30029A779 /* Products */;
			projectDirPath = "";
			projectRoot = "";
			targets = (
				DD2150D81C0C01A30029A779 /* CoderPower */,
			);
		};
/* End PBXProject section */

/* Begin PBXResourcesBuildPhase section */
		DD2150D61C0C01A30029A779 /* Resources */ = {
			isa = PBXResourcesBuildPhase;
			buildActionMask = 2147483647;
			files = (
				DD2150E31C0C01A30029A779 /* CoderPower.xcscheme in Resources */,
			);
			runOnlyForDeploymentPostprocessing = 0;
		};
/* End PBXResourcesBuildPhase section */

/* Begin PBXSourcesBuildPhase section */
		DD2150D51C0C01A30029A779 /* Sources */ = {
			isa = PBXSourcesBuildPhase;
			buildActionMask = 2147483647;
			files = (
				689AE2771D267CB800100658 /* CVDisplayLinkMgr.m in Sources */,
				6808EF3D1D25EE6F00B446C7 /* CDPUserInfoManager.m in Sources */,
				6808EF401D25EED500B446C7 /* CDPViewAnimation.m in Sources */,
				DD2150E61C0C01A30029A779 /* CoderPower.m in Sources */,
				6808EF431D25EEF600B446C7 /* NSNumber+Append.m in Sources */,
				6808EF3C1D25EE6F00B446C7 /* CDPMainMenuItem.m in Sources */,
				DD2150E91C0C01A30029A779 /* NSObject_Extension.m in Sources */,
				6808EF461D25F18000B446C7 /* CDPSparkView.m in Sources */,
			);
			runOnlyForDeploymentPostprocessing = 0;
		};
/* End PBXSourcesBuildPhase section */

/* Begin XCBuildConfiguration section */
		DD2150EB1C0C01A30029A779 /* Debug */ = {
			isa = XCBuildConfiguration;
			buildSettings = {
				ALWAYS_SEARCH_USER_PATHS = NO;
				CLANG_CXX_LANGUAGE_STANDARD = "gnu++0x";
				CLANG_CXX_LIBRARY = "libc++";
				CLANG_ENABLE_MODULES = YES;
				CLANG_ENABLE_OBJC_ARC = YES;
				CLANG_WARN_BOOL_CONVERSION = YES;
				CLANG_WARN_CONSTANT_CONVERSION = YES;
				CLANG_WARN_DIRECT_OBJC_ISA_USAGE = YES_ERROR;
				CLANG_WARN_EMPTY_BODY = YES;
				CLANG_WARN_ENUM_CONVERSION = YES;
				CLANG_WARN_INT_CONVERSION = YES;
				CLANG_WARN_OBJC_ROOT_CLASS = YES_ERROR;
				CLANG_WARN_UNREACHABLE_CODE = YES;
				CLANG_WARN__DUPLICATE_METHOD_MATCH = YES;
				COPY_PHASE_STRIP = NO;
				DEBUG_INFORMATION_FORMAT = dwarf;
				ENABLE_STRICT_OBJC_MSGSEND = YES;
				ENABLE_TESTABILITY = YES;
				GCC_C_LANGUAGE_STANDARD = gnu99;
				GCC_DYNAMIC_NO_PIC = NO;
				GCC_NO_COMMON_BLOCKS = YES;
				GCC_OPTIMIZATION_LEVEL = 0;
				GCC_PREPROCESSOR_DEFINITIONS = (
					"DEBUG=1",
					"$(inherited)",
				);
				GCC_WARN_64_TO_32_BIT_CONVERSION = YES;
				GCC_WARN_ABOUT_RETURN_TYPE = YES_ERROR;
				GCC_WARN_UNDECLARED_SELECTOR = YES;
				GCC_WARN_UNINITIALIZED_AUTOS = YES_AGGRESSIVE;
				GCC_WARN_UNUSED_FUNCTION = YES;
				GCC_WARN_UNUSED_VARIABLE = YES;
				MTL_ENABLE_DEBUG_INFO = YES;
				ONLY_ACTIVE_ARCH = YES;
			};
			name = Debug;
		};
		DD2150EC1C0C01A30029A779 /* Release */ = {
			isa = XCBuildConfiguration;
			buildSettings = {
				ALWAYS_SEARCH_USER_PATHS = NO;
				CLANG_CXX_LANGUAGE_STANDARD = "gnu++0x";
				CLANG_CXX_LIBRARY = "libc++";
				CLANG_ENABLE_MODULES = YES;
				CLANG_ENABLE_OBJC_ARC = YES;
				CLANG_WARN_BOOL_CONVERSION = YES;
				CLANG_WARN_CONSTANT_CONVERSION = YES;
				CLANG_WARN_DIRECT_OBJC_ISA_USAGE = YES_ERROR;
				CLANG_WARN_EMPTY_BODY = YES;
				CLANG_WARN_ENUM_CONVERSION = YES;
				CLANG_WARN_INT_CONVERSION = YES;
				CLANG_WARN_OBJC_ROOT_CLASS = YES_ERROR;
				CLANG_WARN_UNREACHABLE_CODE = YES;
				CLANG_WARN__DUPLICATE_METHOD_MATCH = YES;
				COPY_PHASE_STRIP = NO;
				DEBUG_INFORMATION_FORMAT = "dwarf-with-dsym";
				ENABLE_NS_ASSERTIONS = NO;
				ENABLE_STRICT_OBJC_MSGSEND = YES;
				GCC_C_LANGUAGE_STANDARD = gnu99;
				GCC_NO_COMMON_BLOCKS = YES;
				GCC_WARN_64_TO_32_BIT_CONVERSION = YES;
				GCC_WARN_ABOUT_RETURN_TYPE = YES_ERROR;
				GCC_WARN_UNDECLARED_SELECTOR = YES;
				GCC_WARN_UNINITIALIZED_AUTOS = YES_AGGRESSIVE;
				GCC_WARN_UNUSED_FUNCTION = YES;
				GCC_WARN_UNUSED_VARIABLE = YES;
				MTL_ENABLE_DEBUG_INFO = NO;
			};
			name = Release;
		};
		DD2150EE1C0C01A30029A779 /* Debug */ = {
			isa = XCBuildConfiguration;
			buildSettings = {
				CLANG_ENABLE_OBJC_ARC = NO;
				COMBINE_HIDPI_IMAGES = YES;
				DEPLOYMENT_LOCATION = YES;
				DSTROOT = "$(HOME)";
				INFOPLIST_FILE = CoderPower/Info.plist;
				INSTALL_PATH = "/Library/Application Support/Developer/Shared/Xcode/Plug-ins";
				MACOSX_DEPLOYMENT_TARGET = 10.10;
				PRODUCT_BUNDLE_IDENTIFIER = Dawn.CoderPower;
				PRODUCT_NAME = "$(TARGET_NAME)";
				WRAPPER_EXTENSION = xcplugin;
			};
			name = Debug;
		};
		DD2150EF1C0C01A30029A779 /* Release */ = {
			isa = XCBuildConfiguration;
			buildSettings = {
				CLANG_ENABLE_OBJC_ARC = NO;
				COMBINE_HIDPI_IMAGES = YES;
				DEPLOYMENT_LOCATION = YES;
				DSTROOT = "$(HOME)";
				INFOPLIST_FILE = CoderPower/Info.plist;
				INSTALL_PATH = "/Library/Application Support/Developer/Shared/Xcode/Plug-ins";
				MACOSX_DEPLOYMENT_TARGET = 10.10;
				PRODUCT_BUNDLE_IDENTIFIER = Dawn.CoderPower;
				PRODUCT_NAME = "$(TARGET_NAME)";
				WRAPPER_EXTENSION = xcplugin;
			};
			name = Release;
		};
/* End XCBuildConfiguration section */

/* Begin XCConfigurationList section */
		DD2150D41C0C01A30029A779 /* Build configuration list for PBXProject "CoderPower" */ = {
			isa = XCConfigurationList;
			buildConfigurations = (
				DD2150EB1C0C01A30029A779 /* Debug */,
				DD2150EC1C0C01A30029A779 /* Release */,
			);
			defaultConfigurationIsVisible = 0;
			defaultConfigurationName = Release;
		};
		DD2150ED1C0C01A30029A779 /* Build configuration list for PBXNativeTarget "CoderPower" */ = {
			isa = XCConfigurationList;
			buildConfigurations = (
				DD2150EE1C0C01A30029A779 /* Debug */,
				DD2150EF1C0C01A30029A779 /* Release */,
			);
			defaultConfigurationIsVisible = 0;
			defaultConfigurationName = Release;
		};
/* End XCConfigurationList section */
	};
	rootObject = DD2150D11C0C01A30029A779 /* Project object */;
}
